<?xml version="1.0" encoding="utf-8"?>
<Project ToolsVersion="4.0" xmlns="http://schemas.microsoft.com/developer/msbuild/2003">
  <ItemGroup>
    <Filter Include="Fantasy">
      <UniqueIdentifier>{7B6E78FA-E74D-F795-F065-826C5CC45DF7}</UniqueIdentifier>
    </Filter>
  </ItemGroup>
  <ItemGroup>
    <ClInclude Include="src\Fantasy.h" />
    <ClInclude Include="src\Fantasy\Application.h">
      <Filter>Fantasy</Filter>
    </ClInclude>
    <ClInclude Include="src\Fantasy\Core.h">
      <Filter>Fantasy</Filter>
    </ClInclude>
    <ClInclude Include="src\Fantasy\EntryPoint.h">
      <Filter>Fantasy</Filter>
    </ClInclude>
    <ClInclude Include="src\Fantasy\Log.h">
      <Filter>Fantasy</Filter>
    </ClInclude>
    <ClInclude Include="src\Fantasy\Events\ApplicationEvent.h" />
    <ClInclude Include="src\Fantasy\Events\Event.h" />
    <ClInclude Include="src\Fantasy\Events\KeyEvent.h" />
    <ClInclude Include="src\Fantasy\Events\MouseEvent.h" />
  </ItemGroup>
  <ItemGroup>
    <ClCompile Include="src\Fantasy\Application.cpp">
      <Filter>Fantasy</Filter>
    </ClCompile>
    <ClCompile Include="src\Fantasy\Log.cpp">
      <Filter>Fantasy</Filter>
    </ClCompile>
  </ItemGroup>
</Project>