<?xml version="1.0" encoding="utf-8"?>
<Project ToolsVersion="4.0" xmlns="http://schemas.microsoft.com/developer/msbuild/2003">
  <ItemGroup>
    <Filter Include="Fantasy">
      <UniqueIdentifier>{7B6E78FA-E74D-F795-F065-826C5CC45DF7}</UniqueIdentifier>
    </Filter>
    <Filter Include="Fantasy\Events">
      <UniqueIdentifier>{FFA1071C-EB6F-FB21-D403-6C48C070D786}</UniqueIdentifier>
    </Filter>
  </ItemGroup>
  <ItemGroup>
    <ClInclude Include="src\Fantasy.h" />
    <ClInclude Include="src\Fantasy\Application.h">
      <Filter>Fantasy</Filter>
    </ClInclude>
    <ClInclude Include="src\Fantasy\Core.h">
      <Filter>Fantasy</Filter>
    </ClInclude>
    <ClInclude Include="src\Fantasy\EntryPoint.h">
      <Filter>Fantasy</Filter>
    </ClInclude>
    <ClInclude Include="src\Fantasy\Events\ApplicationEvent.h">
      <Filter>Fantasy\Events</Filter>
    </ClInclude>
    <ClInclude Include="src\Fantasy\Events\Event.h">
      <Filter>Fantasy\Events</Filter>
    </ClInclude>
    <ClInclude Include="src\Fantasy\Events\KeyEvent.h">
      <Filter>Fantasy\Events</Filter>
    </ClInclude>
    <ClInclude Include="src\Fantasy\Events\MouseEvent.h">
      <Filter>Fantasy\Events</Filter>
    </ClInclude>
    <ClInclude Include="src\Fantasy\Log.h">
      <Filter>Fantasy</Filter>
    </ClInclude>
    <ClInclude Include="src\ftpch.h" />
  </ItemGroup>
  <ItemGroup>
    <ClCompile Include="src\Fantasy\Application.cpp">
      <Filter>Fantasy</Filter>
    </ClCompile>
    <ClCompile Include="src\Fantasy\Log.cpp">
      <Filter>Fantasy</Filter>
    </ClCompile>
    <ClCompile Include="src\ftpch.cpp" />
  </ItemGroup>
</Project>